Microsoft Visual Studio Solution File, Format Version 12.00
# Visual Studio Version 17
VisualStudioVersion = 17.5.2.0
MinimumVisualStudioVersion = 10.0.40219.1
Project("{FAE04EC0-301F-11D3-BF4B-00C04F79EFBC}") = "AC_3", "AC_3.csproj", "{F4A71B1B-E3BE-1E9F-5AA6-663BCBE0A7D7}"
EndProject
Global
	GlobalSection(SolutionConfigurationPlatforms) = preSolution
		Debug|Any CPU = Debug|Any CPU
		Release|Any CPU = Release|Any CPU
	EndGlobalSection
	GlobalSection(ProjectConfigurationPlatforms) = postSolution
		{F4A71B1B-E3BE-1E9F-5AA6-663BCBE0A7D7}.Debug|Any CPU.ActiveCfg = Debug|Any CPU
		{F4A71B1B-E3BE-1E9F-5AA6-663BCBE0A7D7}.Debug|Any CPU.Build.0 = Debug|Any CPU
		{F4A71B1B-E3BE-1E9F-5AA6-663BCBE0A7D7}.Release|Any CPU.ActiveCfg = Release|Any CPU
		{F4A71B1B-E3BE-1E9F-5AA6-663BCBE0A7D7}.Release|Any CPU.Build.0 = Release|Any CPU
	EndGlobalSection
	GlobalSection(SolutionProperties) = preSolution
		HideSolutionNode = FALSE
	EndGlobalSection
	GlobalSection(ExtensibilityGlobals) = postSolution
		SolutionGuid = {6832AD47-C467-4CB3-A9E1-0CB8FC10F7FB}
	EndGlobalSection
EndGlobal
