
Microsoft Visual Studio Solution File, Format Version 12.00
# Visual Studio Version 17
VisualStudioVersion = 17.5.002.0
MinimumVisualStudioVersion = 10.0.40219.1
Project("{9A19103F-16F7-4668-BE54-9A1E7A4F7556}") = "AC1 def", "AC1 def.csproj", "{DCE11FDA-3612-445C-BE02-3E03676ED833}"
EndProject
Global
	GlobalSection(SolutionConfigurationPlatforms) = preSolution
		Debug|Any CPU = Debug|Any CPU
		Release|Any CPU = Release|Any CPU
	EndGlobalSection
	GlobalSection(ProjectConfigurationPlatforms) = postSolution
		{DCE11FDA-3612-445C-BE02-3E03676ED833}.Debug|Any CPU.ActiveCfg = Debug|Any CPU
		{DCE11FDA-3612-445C-BE02-3E03676ED833}.Debug|Any CPU.Build.0 = Debug|Any CPU
		{DCE11FDA-3612-445C-BE02-3E03676ED833}.Release|Any CPU.ActiveCfg = Release|Any CPU
		{DCE11FDA-3612-445C-BE02-3E03676ED833}.Release|Any CPU.Build.0 = Release|Any CPU
	EndGlobalSection
	GlobalSection(SolutionProperties) = preSolution
		HideSolutionNode = FALSE
	EndGlobalSection
	GlobalSection(ExtensibilityGlobals) = postSolution
		SolutionGuid = {A6BC9497-36B8-490D-A132-CDD2F94DE8C2}
	EndGlobalSection
EndGlobal
