
Microsoft Visual Studio Solution File, Format Version 12.00
# Visual Studio Version 17
VisualStudioVersion = 17.5.002.0
MinimumVisualStudioVersion = 10.0.40219.1
Project("{9A19103F-16F7-4668-BE54-9A1E7A4F7556}") = "AC5_FINAL_UF", "AC5_FINAL_UF.csproj", "{1A819AA8-2B21-4B9E-9EF4-EFF798894862}"
EndProject
Global
	GlobalSection(SolutionConfigurationPlatforms) = preSolution
		Debug|Any CPU = Debug|Any CPU
		Release|Any CPU = Release|Any CPU
	EndGlobalSection
	GlobalSection(ProjectConfigurationPlatforms) = postSolution
		{1A819AA8-2B21-4B9E-9EF4-EFF798894862}.Debug|Any CPU.ActiveCfg = Debug|Any CPU
		{1A819AA8-2B21-4B9E-9EF4-EFF798894862}.Debug|Any CPU.Build.0 = Debug|Any CPU
		{1A819AA8-2B21-4B9E-9EF4-EFF798894862}.Release|Any CPU.ActiveCfg = Release|Any CPU
		{1A819AA8-2B21-4B9E-9EF4-EFF798894862}.Release|Any CPU.Build.0 = Release|Any CPU
	EndGlobalSection
	GlobalSection(SolutionProperties) = preSolution
		HideSolutionNode = FALSE
	EndGlobalSection
	GlobalSection(ExtensibilityGlobals) = postSolution
		SolutionGuid = {F4744980-9FF7-4EB8-A371-85DC1A1D1F3C}
	EndGlobalSection
EndGlobal
